// !$*UTF8*$!
{
	archiveVersion = 1;
	classes = {
	};
	objectVersion = 46;
	objects = {

/* Begin PBXBuildFile section */
		2487108D1B6666A200964B92 /* MyAnnotation.swift in Sources */ = {isa = PBXBuildFile; fileRef = 2487108C1B6666A200964B92 /* MyAnnotation.swift */; };
		24D997711B64DD2900A46553 /* AppDelegate.swift in Sources */ = {isa = PBXBuildFile; fileRef = 24D997701B64DD2900A46553 /* AppDelegate.swift */; };
		24D997731B64DD2900A46553 /* ViewController.swift in Sources */ = {isa = PBXBuildFile; fileRef = 24D997721B64DD2900A46553 /* ViewController.swift */; };
		24D997761B64DD2900A46553 /* Main.storyboard in Resources */ = {isa = PBXBuildFile; fileRef = 24D997741B64DD2900A46553 /* Main.storyboard */; };
		24D997781B64DD2900A46553 /* Images.xcassets in Resources */ = {isa = PBXBuildFile; fileRef = 24D997771B64DD2900A46553 /* Images.xcassets */; };
		24D9977B1B64DD2900A46553 /* LaunchScreen.xib in Resources */ = {isa = PBXBuildFile; fileRef = 24D997791B64DD2900A46553 /* LaunchScreen.xib */; };
		24D997871B64DD2900A46553 /* SearchMapKitTests.swift in Sources */ = {isa = PBXBuildFile; fileRef = 24D997861B64DD2900A46553 /* SearchMapKitTests.swift */; };
/* End PBXBuildFile section */

/* Begin PBXContainerItemProxy section */
		24D997811B64DD2900A46553 /* PBXContainerItemProxy */ = {
			isa = PBXContainerItemProxy;
			containerPortal = 24D997631B64DD2800A46553 /* Project object */;
			proxyType = 1;
			remoteGlobalIDString = 24D9976A1B64DD2800A46553;
			remoteInfo = SearchMapKit;
		};
/* End PBXContainerItemProxy section */

/* Begin PBXFileReference section */
		2487108C1B6666A200964B92 /* MyAnnotation.swift */ = {isa = PBXFileReference; fileEncoding = 4; lastKnownFileType = sourcecode.swift; path = MyAnnotation.swift; sourceTree = "<group>"; };
		24D9976B1B64DD2800A46553 /* SearchMapKit.app */ = {isa = PBXFileReference; explicitFileType = wrapper.application; includeInIndex = 0; path = SearchMapKit.app; sourceTree = BUILT_PRODUCTS_DIR; };
		24D9976F1B64DD2900A46553 /* Info.plist */ = {isa = PBXFileReference; lastKnownFileType = text.plist.xml; path = Info.plist; sourceTree = "<group>"; };
		24D997701B64DD2900A46553 /* AppDelegate.swift */ = {isa = PBXFileReference; lastKnownFileType = sourcecode.swift; path = AppDelegate.swift; sourceTree = "<group>"; };
		24D997721B64DD2900A46553 /* ViewController.swift */ = {isa = PBXFileReference; lastKnownFileType = sourcecode.swift; path = ViewController.swift; sourceTree = "<group>"; };
		24D997751B64DD2900A46553 /* Base */ = {isa = PBXFileReference; lastKnownFileType = file.storyboard; name = Base; path = Base.lproj/Main.storyboard; sourceTree = "<group>"; };
		24D997771B64DD2900A46553 /* Images.xcassets */ = {isa = PBXFileReference; lastKnownFileType = folder.assetcatalog; path = Images.xcassets; sourceTree = "<group>"; };
		24D9977A1B64DD2900A46553 /* Base */ = {isa = PBXFileReference; lastKnownFileType = file.xib; name = Base; path = Base.lproj/LaunchScreen.xib; sourceTree = "<group>"; };
		24D997801B64DD2900A46553 /* SearchMapKitTests.xctest */ = {isa = PBXFileReference; explicitFileType = wrapper.cfbundle; includeInIndex = 0; path = SearchMapKitTests.xctest; sourceTree = BUILT_PRODUCTS_DIR; };
		24D997851B64DD2900A46553 /* Info.plist */ = {isa = PBXFileReference; lastKnownFileType = text.plist.xml; path = Info.plist; sourceTree = "<group>"; };
		24D997861B64DD2900A46553 /* SearchMapKitTests.swift */ = {isa = PBXFileReference; lastKnownFileType = sourcecode.swift; path = SearchMapKitTests.swift; sourceTree = "<group>"; };
/* End PBXFileReference section */

/* Begin PBXFrameworksBuildPhase section */
		24D997681B64DD2800A46553 /* Frameworks */ = {
			isa = PBXFrameworksBuildPhase;
			buildActionMask = 2147483647;
			files = (
			);
			runOnlyForDeploymentPostprocessing = 0;
		};
		24D9977D1B64DD2900A46553 /* Frameworks */ = {
			isa = PBXFrameworksBuildPhase;
			buildActionMask = 2147483647;
			files = (
			);
			runOnlyForDeploymentPostprocessing = 0;
		};
/* End PBXFrameworksBuildPhase section */

/* Begin PBXGroup section */
		24D997621B64DD2800A46553 = {
			isa = PBXGroup;
			children = (
				24D9976D1B64DD2800A46553 /* SearchMapKit */,
				24D997831B64DD2900A46553 /* SearchMapKitTests */,
				24D9976C1B64DD2800A46553 /* Products */,
			);
			sourceTree = "<group>";
		};
		24D9976C1B64DD2800A46553 /* Products */ = {
			isa = PBXGroup;
			children = (
				24D9976B1B64DD2800A46553 /* SearchMapKit.app */,
				24D997801B64DD2900A46553 /* SearchMapKitTests.xctest */,
			);
			name = Products;
			sourceTree = "<group>";
		};
		24D9976D1B64DD2800A46553 /* SearchMapKit */ = {
			isa = PBXGroup;
			children = (
				24D997701B64DD2900A46553 /* AppDelegate.swift */,
				24D997721B64DD2900A46553 /* ViewController.swift */,
				24D997741B64DD2900A46553 /* Main.storyboard */,
				24D997771B64DD2900A46553 /* Images.xcassets */,
				24D997791B64DD2900A46553 /* LaunchScreen.xib */,
				24D9976E1B64DD2900A46553 /* Supporting Files */,
				2487108C1B6666A200964B92 /* MyAnnotation.swift */,
			);
			path = SearchMapKit;
			sourceTree = "<group>";
		};
		24D9976E1B64DD2900A46553 /* Supporting Files */ = {
			isa = PBXGroup;
			children = (
				24D9976F1B64DD2900A46553 /* Info.plist */,
			);
			name = "Supporting Files";
			sourceTree = "<group>";
		};
		24D997831B64DD2900A46553 /* SearchMapKitTests */ = {
			isa = PBXGroup;
			children = (
				24D997861B64DD2900A46553 /* SearchMapKitTests.swift */,
				24D997841B64DD2900A46553 /* Supporting Files */,
			);
			path = SearchMapKitTests;
			sourceTree = "<group>";
		};
		24D997841B64DD2900A46553 /* Supporting Files */ = {
			isa = PBXGroup;
			children = (
				24D997851B64DD2900A46553 /* Info.plist */,
			);
			name = "Supporting Files";
			sourceTree = "<group>";
		};
/* End PBXGroup section */

/* Begin PBXNativeTarget section */
		24D9976A1B64DD2800A46553 /* SearchMapKit */ = {
			isa = PBXNativeTarget;
			buildConfigurationList = 24D9978A1B64DD2900A46553 /* Build configuration list for PBXNativeTarget "SearchMapKit" */;
			buildPhases = (
				24D997671B64DD2800A46553 /* Sources */,
				24D997681B64DD2800A46553 /* Frameworks */,
				24D997691B64DD2800A46553 /* Resources */,
			);
			buildRules = (
			);
			dependencies = (
			);
			name = SearchMapKit;
			productName = SearchMapKit;
			productReference = 24D9976B1B64DD2800A46553 /* SearchMapKit.app */;
			productType = "com.apple.product-type.application";
		};
		24D9977F1B64DD2900A46553 /* SearchMapKitTests */ = {
			isa = PBXNativeTarget;
			buildConfigurationList = 24D9978D1B64DD2900A46553 /* Build configuration list for PBXNativeTarget "SearchMapKitTests" */;
			buildPhases = (
				24D9977C1B64DD2900A46553 /* Sources */,
				24D9977D1B64DD2900A46553 /* Frameworks */,
				24D9977E1B64DD2900A46553 /* Resources */,
			);
			buildRules = (
			);
			dependencies = (
				24D997821B64DD2900A46553 /* PBXTargetDependency */,
			);
			name = SearchMapKitTests;
			productName = SearchMapKitTests;
			productReference = 24D997801B64DD2900A46553 /* SearchMapKitTests.xctest */;
			productType = "com.apple.product-type.bundle.unit-test";
		};
/* End PBXNativeTarget section */

/* Begin PBXProject section */
		24D997631B64DD2800A46553 /* Project object */ = {
			isa = PBXProject;
			attributes = {
				LastUpgradeCheck = 0620;
				ORGANIZATIONNAME = Lily;
				TargetAttributes = {
					24D9976A1B64DD2800A46553 = {
						CreatedOnToolsVersion = 6.2;
					};
					24D9977F1B64DD2900A46553 = {
						CreatedOnToolsVersion = 6.2;
						TestTargetID = 24D9976A1B64DD2800A46553;
					};
				};
			};
			buildConfigurationList = 24D997661B64DD2800A46553 /* Build configuration list for PBXProject "SearchMapKit" */;
			compatibilityVersion = "Xcode 3.2";
			developmentRegion = English;
			hasScannedForEncodings = 0;
			knownRegions = (
				en,
				Base,
			);
			mainGroup = 24D997621B64DD2800A46553;
			productRefGroup = 24D9976C1B64DD2800A46553 /* Products */;
			projectDirPath = "";
			projectRoot = "";
			targets = (
				24D9976A1B64DD2800A46553 /* SearchMapKit */,
				24D9977F1B64DD2900A46553 /* SearchMapKitTests */,
			);
		};
/* End PBXProject section */

/* Begin PBXResourcesBuildPhase section */
		24D997691B64DD2800A46553 /* Resources */ = {
			isa = PBXResourcesBuildPhase;
			buildActionMask = 2147483647;
			files = (
				24D997761B64DD2900A46553 /* Main.storyboard in Resources */,
				24D9977B1B64DD2900A46553 /* LaunchScreen.xib in Resources */,
				24D997781B64DD2900A46553 /* Images.xcassets in Resources */,
			);
			runOnlyForDeploymentPostprocessing = 0;
		};
		24D9977E1B64DD2900A46553 /* Resources */ = {
			isa = PBXResourcesBuildPhase;
			buildActionMask = 2147483647;
			files = (
			);
			runOnlyForDeploymentPostprocessing = 0;
		};
/* End PBXResourcesBuildPhase section */

/* Begin PBXSourcesBuildPhase section */
		24D997671B64DD2800A46553 /* Sources */ = {
			isa = PBXSourcesBuildPhase;
			buildActionMask = 2147483647;
			files = (
				24D997731B64DD2900A46553 /* ViewController.swift in Sources */,
				24D997711B64DD2900A46553 /* AppDelegate.swift in Sources */,
				2487108D1B6666A200964B92 /* MyAnnotation.swift in Sources */,
			);
			runOnlyForDeploymentPostprocessing = 0;
		};
		24D9977C1B64DD2900A46553 /* Sources */ = {
			isa = PBXSourcesBuildPhase;
			buildActionMask = 2147483647;
			files = (
				24D997871B64DD2900A46553 /* SearchMapKitTests.swift in Sources */,
			);
			runOnlyForDeploymentPostprocessing = 0;
		};
/* End PBXSourcesBuildPhase section */

/* Begin PBXTargetDependency section */
		24D997821B64DD2900A46553 /* PBXTargetDependency */ = {
			isa = PBXTargetDependency;
			target = 24D9976A1B64DD2800A46553 /* SearchMapKit */;
			targetProxy = 24D997811B64DD2900A46553 /* PBXContainerItemProxy */;
		};
/* End PBXTargetDependency section */

/* Begin PBXVariantGroup section */
		24D997741B64DD2900A46553 /* Main.storyboard */ = {
			isa = PBXVariantGroup;
			children = (
				24D997751B64DD2900A46553 /* Base */,
			);
			name = Main.storyboard;
			sourceTree = "<group>";
		};
		24D997791B64DD2900A46553 /* LaunchScreen.xib */ = {
			isa = PBXVariantGroup;
			children = (
				24D9977A1B64DD2900A46553 /* Base */,
			);
			name = LaunchScreen.xib;
			sourceTree = "<group>";
		};
/* End PBXVariantGroup section */

/* Begin XCBuildConfiguration section */
		24D997881B64DD2900A46553 /* Debug */ = {
			isa = XCBuildConfiguration;
			buildSettings = {
				ALWAYS_SEARCH_USER_PATHS = NO;
				CLANG_CXX_LANGUAGE_STANDARD = "gnu++0x";
				CLANG_CXX_LIBRARY = "libc++";
				CLANG_ENABLE_MODULES = YES;
				CLANG_ENABLE_OBJC_ARC = YES;
				CLANG_WARN_BOOL_CONVERSION = YES;
				CLANG_WARN_CONSTANT_CONVERSION = YES;
				CLANG_WARN_DIRECT_OBJC_ISA_USAGE = YES_ERROR;
				CLANG_WARN_EMPTY_BODY = YES;
				CLANG_WARN_ENUM_CONVERSION = YES;
				CLANG_WARN_INT_CONVERSION = YES;
				CLANG_WARN_OBJC_ROOT_CLASS = YES_ERROR;
				CLANG_WARN_UNREACHABLE_CODE = YES;
				CLANG_WARN__DUPLICATE_METHOD_MATCH = YES;
				"CODE_SIGN_IDENTITY[sdk=iphoneos*]" = "iPhone Developer";
				COPY_PHASE_STRIP = NO;
				ENABLE_STRICT_OBJC_MSGSEND = YES;
				GCC_C_LANGUAGE_STANDARD = gnu99;
				GCC_DYNAMIC_NO_PIC = NO;
				GCC_OPTIMIZATION_LEVEL = 0;
				GCC_PREPROCESSOR_DEFINITIONS = (
					"DEBUG=1",
					"$(inherited)",
				);
				GCC_SYMBOLS_PRIVATE_EXTERN = NO;
				GCC_WARN_64_TO_32_BIT_CONVERSION = YES;
				GCC_WARN_ABOUT_RETURN_TYPE = YES_ERROR;
				GCC_WARN_UNDECLARED_SELECTOR = YES;
				GCC_WARN_UNINITIALIZED_AUTOS = YES_AGGRESSIVE;
				GCC_WARN_UNUSED_FUNCTION = YES;
				GCC_WARN_UNUSED_VARIABLE = YES;
				IPHONEOS_DEPLOYMENT_TARGET = 8.2;
				MTL_ENABLE_DEBUG_INFO = YES;
				ONLY_ACTIVE_ARCH = YES;
				SDKROOT = iphoneos;
				SWIFT_OPTIMIZATION_LEVEL = "-Onone";
			};
			name = Debug;
		};
		24D997891B64DD2900A46553 /* Release */ = {
			isa = XCBuildConfiguration;
			buildSettings = {
				ALWAYS_SEARCH_USER_PATHS = NO;
				CLANG_CXX_LANGUAGE_STANDARD = "gnu++0x";
				CLANG_CXX_LIBRARY = "libc++";
				CLANG_ENABLE_MODULES = YES;
				CLANG_ENABLE_OBJC_ARC = YES;
				CLANG_WARN_BOOL_CONVERSION = YES;
				CLANG_WARN_CONSTANT_CONVERSION = YES;
				CLANG_WARN_DIRECT_OBJC_ISA_USAGE = YES_ERROR;
				CLANG_WARN_EMPTY_BODY = YES;
				CLANG_WARN_ENUM_CONVERSION = YES;
				CLANG_WARN_INT_CONVERSION = YES;
				CLANG_WARN_OBJC_ROOT_CLASS = YES_ERROR;
				CLANG_WARN_UNREACHABLE_CODE = YES;
				CLANG_WARN__DUPLICATE_METHOD_MATCH = YES;
				"CODE_SIGN_IDENTITY[sdk=iphoneos*]" = "iPhone Developer";
				COPY_PHASE_STRIP = NO;
				ENABLE_NS_ASSERTIONS = NO;
				ENABLE_STRICT_OBJC_MSGSEND = YES;
				GCC_C_LANGUAGE_STANDARD = gnu99;
				GCC_WARN_64_TO_32_BIT_CONVERSION = YES;
				GCC_WARN_ABOUT_RETURN_TYPE = YES_ERROR;
				GCC_WARN_UNDECLARED_SELECTOR = YES;
				GCC_WARN_UNINITIALIZED_AUTOS = YES_AGGRESSIVE;
				GCC_WARN_UNUSED_FUNCTION = YES;
				GCC_WARN_UNUSED_VARIABLE = YES;
				IPHONEOS_DEPLOYMENT_TARGET = 8.2;
				MTL_ENABLE_DEBUG_INFO = NO;
				SDKROOT = iphoneos;
				VALIDATE_PRODUCT = YES;
			};
			name = Release;
		};
		24D9978B1B64DD2900A46553 /* Debug */ = {
			isa = XCBuildConfiguration;
			buildSettings = {
				ASSETCATALOG_COMPILER_APPICON_NAME = AppIcon;
				INFOPLIST_FILE = SearchMapKit/Info.plist;
				LD_RUNPATH_SEARCH_PATHS = "$(inherited) @executable_path/Frameworks";
				PRODUCT_NAME = "$(TARGET_NAME)";
			};
			name = Debug;
		};
		24D9978C1B64DD2900A46553 /* Release */ = {
			isa = XCBuildConfiguration;
			buildSettings = {
				ASSETCATALOG_COMPILER_APPICON_NAME = AppIcon;
				INFOPLIST_FILE = SearchMapKit/Info.plist;
				LD_RUNPATH_SEARCH_PATHS = "$(inherited) @executable_path/Frameworks";
				PRODUCT_NAME = "$(TARGET_NAME)";
			};
			name = Release;
		};
		24D9978E1B64DD2900A46553 /* Debug */ = {
			isa = XCBuildConfiguration;
			buildSettings = {
				BUNDLE_LOADER = "$(TEST_HOST)";
				FRAMEWORK_SEARCH_PATHS = (
					"$(SDKROOT)/Developer/Library/Frameworks",
					"$(inherited)",
				);
				GCC_PREPROCESSOR_DEFINITIONS = (
					"DEBUG=1",
					"$(inherited)",
				);
				INFOPLIST_FILE = SearchMapKitTests/Info.plist;
				LD_RUNPATH_SEARCH_PATHS = "$(inherited) @executable_path/Frameworks @loader_path/Frameworks";
				PRODUCT_NAME = "$(TARGET_NAME)";
				TEST_HOST = "$(BUILT_PRODUCTS_DIR)/SearchMapKit.app/SearchMapKit";
			};
			name = Debug;
		};
		24D9978F1B64DD2900A46553 /* Release */ = {
			isa = XCBuildConfiguration;
			buildSettings = {
				BUNDLE_LOADER = "$(TEST_HOST)";
				FRAMEWORK_SEARCH_PATHS = (
					"$(SDKROOT)/Developer/Library/Frameworks",
					"$(inherited)",
				);
				INFOPLIST_FILE = SearchMapKitTests/Info.plist;
				LD_RUNPATH_SEARCH_PATHS = "$(inherited) @executable_path/Frameworks @loader_path/Frameworks";
				PRODUCT_NAME = "$(TARGET_NAME)";
				TEST_HOST = "$(BUILT_PRODUCTS_DIR)/SearchMapKit.app/SearchMapKit";
			};
			name = Release;
		};
/* End XCBuildConfiguration section */

/* Begin XCConfigurationList section */
		24D997661B64DD2800A46553 /* Build configuration list for PBXProject "SearchMapKit" */ = {
			isa = XCConfigurationList;
			buildConfigurations = (
				24D997881B64DD2900A46553 /* Debug */,
				24D997891B64DD2900A46553 /* Release */,
			);
			defaultConfigurationIsVisible = 0;
			defaultConfigurationName = Release;
		};
		24D9978A1B64DD2900A46553 /* Build configuration list for PBXNativeTarget "SearchMapKit" */ = {
			isa = XCConfigurationList;
			buildConfigurations = (
				24D9978B1B64DD2900A46553 /* Debug */,
				24D9978C1B64DD2900A46553 /* Release */,
			);
			defaultConfigurationIsVisible = 0;
			defaultConfigurationName = Release;
		};
		24D9978D1B64DD2900A46553 /* Build configuration list for PBXNativeTarget "SearchMapKitTests" */ = {
			isa = XCConfigurationList;
			buildConfigurations = (
				24D9978E1B64DD2900A46553 /* Debug */,
				24D9978F1B64DD2900A46553 /* Release */,
			);
			defaultConfigurationIsVisible = 0;
			defaultConfigurationName = Release;
		};
/* End XCConfigurationList section */
	};
	rootObject = 24D997631B64DD2800A46553 /* Project object */;
}
